
Microsoft Visual Studio Solution File, Format Version 12.00
# Visual Studio Version 17
VisualStudioVersion = 17.4.33213.308
MinimumVisualStudioVersion = 10.0.40219.1
Project("{FAE04EC0-301F-11D3-BF4B-00C04F79EFBC}") = "MOD4_1302213037", "MOD4_1302213037.csproj", "{BCBC4304-0753-4AEF-AD9F-CC20BDB9AC24}"
EndProject
Global
	GlobalSection(SolutionConfigurationPlatforms) = preSolution
		Debug|Any CPU = Debug|Any CPU
		Release|Any CPU = Release|Any CPU
	EndGlobalSection
	GlobalSection(ProjectConfigurationPlatforms) = postSolution
		{BCBC4304-0753-4AEF-AD9F-CC20BDB9AC24}.Debug|Any CPU.ActiveCfg = Debug|Any CPU
		{BCBC4304-0753-4AEF-AD9F-CC20BDB9AC24}.Debug|Any CPU.Build.0 = Debug|Any CPU
		{BCBC4304-0753-4AEF-AD9F-CC20BDB9AC24}.Release|Any CPU.ActiveCfg = Release|Any CPU
		{BCBC4304-0753-4AEF-AD9F-CC20BDB9AC24}.Release|Any CPU.Build.0 = Release|Any CPU
	EndGlobalSection
	GlobalSection(SolutionProperties) = preSolution
		HideSolutionNode = FALSE
	EndGlobalSection
	GlobalSection(ExtensibilityGlobals) = postSolution
		SolutionGuid = {1AD5B202-39B1-4E9A-AFCE-B385B69D0905}
	EndGlobalSection
EndGlobal
